// !$*UTF8*$!
{
	archiveVersion = 1;
	classes = {
	};
	objectVersion = 46;
	objects = {

/* Begin PBXBuildFile section */
		D01DA09A1559D61C00A7B80F /* AVFoundation.framework in Frameworks */ = {isa = PBXBuildFile; fileRef = D01DA0991559D61C00A7B80F /* AVFoundation.framework */; };
		D01DA09C1559D61C00A7B80F /* CoreFoundation.framework in Frameworks */ = {isa = PBXBuildFile; fileRef = D01DA09B1559D61C00A7B80F /* CoreFoundation.framework */; };
		D01DA09E1559D61C00A7B80F /* CoreGraphics.framework in Frameworks */ = {isa = PBXBuildFile; fileRef = D01DA09D1559D61C00A7B80F /* CoreGraphics.framework */; };
		D01DA0A01559D61C00A7B80F /* CoreImage.framework in Frameworks */ = {isa = PBXBuildFile; fileRef = D01DA09F1559D61C00A7B80F /* CoreImage.framework */; };
		D01DA0A21559D61C00A7B80F /* CoreMedia.framework in Frameworks */ = {isa = PBXBuildFile; fileRef = D01DA0A11559D61C00A7B80F /* CoreMedia.framework */; };
		D01DA0A41559D61C00A7B80F /* CoreText.framework in Frameworks */ = {isa = PBXBuildFile; fileRef = D01DA0A31559D61C00A7B80F /* CoreText.framework */; };
		D01DA0A61559D61C00A7B80F /* Foundation.framework in Frameworks */ = {isa = PBXBuildFile; fileRef = D01DA0A51559D61C00A7B80F /* Foundation.framework */; };
		D01DA0A81559D61C00A7B80F /* OpenGLES.framework in Frameworks */ = {isa = PBXBuildFile; fileRef = D01DA0A71559D61C00A7B80F /* OpenGLES.framework */; };
		D01DA0AA1559D61C00A7B80F /* QuartzCore.framework in Frameworks */ = {isa = PBXBuildFile; fileRef = D01DA0A91559D61C00A7B80F /* QuartzCore.framework */; };
		D01DA0AC1559D61C00A7B80F /* UIKit.framework in Frameworks */ = {isa = PBXBuildFile; fileRef = D01DA0AB1559D61C00A7B80F /* UIKit.framework */; };
		D01DA0B21559D61C00A7B80F /* InfoPlist.strings in Resources */ = {isa = PBXBuildFile; fileRef = D01DA0B01559D61C00A7B80F /* InfoPlist.strings */; };
		D01DA0B41559D61C00A7B80F /* main.m in Sources */ = {isa = PBXBuildFile; fileRef = D01DA0B31559D61C00A7B80F /* main.m */; };
		D01DA0B91559D61C00A7B80F /* C4AppDelegate.m in Sources */ = {isa = PBXBuildFile; fileRef = D01DA0B81559D61C00A7B80F /* C4AppDelegate.m */; };
		D01DA0BB1559D61C00A7B80F /* C4WorkSpace.m in Sources */ = {isa = PBXBuildFile; fileRef = D01DA0BA1559D61C00A7B80F /* C4WorkSpace.m */; };
		D01DA0BD1559D61C00A7B80F /* C4Canvas.xib in Resources */ = {isa = PBXBuildFile; fileRef = D01DA0BC1559D61C00A7B80F /* C4Canvas.xib */; };
		D01DA0C01559D61C00A7B80F /* C4LogoiPad-01.png in Resources */ = {isa = PBXBuildFile; fileRef = D01DA0BF1559D61C00A7B80F /* C4LogoiPad-01.png */; };
		D01DA0C21559D61C00A7B80F /* C4LogoiPad-02.png in Resources */ = {isa = PBXBuildFile; fileRef = D01DA0C11559D61C00A7B80F /* C4LogoiPad-02.png */; };
		D01DA0C41559D61C00A7B80F /* C4LogoiPad-03.png in Resources */ = {isa = PBXBuildFile; fileRef = D01DA0C31559D61C00A7B80F /* C4LogoiPad-03.png */; };
		D01DA0C61559D61C00A7B80F /* C4LogoiPad-04.png in Resources */ = {isa = PBXBuildFile; fileRef = D01DA0C51559D61C00A7B80F /* C4LogoiPad-04.png */; };
		D01DA0C81559D61C00A7B80F /* C4LogoiPad-05.png in Resources */ = {isa = PBXBuildFile; fileRef = D01DA0C71559D61C00A7B80F /* C4LogoiPad-05.png */; };
		D01DA0CA1559D61C00A7B80F /* C4LogoiPad-06.png in Resources */ = {isa = PBXBuildFile; fileRef = D01DA0C91559D61C00A7B80F /* C4LogoiPad-06.png */; };
		D01DA0CC1559D61C00A7B80F /* C4LogoiPad-07.png in Resources */ = {isa = PBXBuildFile; fileRef = D01DA0CB1559D61C00A7B80F /* C4LogoiPad-07.png */; };
		D01DA0CE1559D61C00A7B80F /* C4LogoiPad-08.png in Resources */ = {isa = PBXBuildFile; fileRef = D01DA0CD1559D61C00A7B80F /* C4LogoiPad-08.png */; };
		D01DA0D01559D61C00A7B80F /* C4LogoiPad-Landscape.png in Resources */ = {isa = PBXBuildFile; fileRef = D01DA0CF1559D61C00A7B80F /* C4LogoiPad-Landscape.png */; };
		D01DA0D21559D61C00A7B80F /* C4LogoiPad-Portrait.png in Resources */ = {isa = PBXBuildFile; fileRef = D01DA0D11559D61C00A7B80F /* C4LogoiPad-Portrait.png */; };
		D01DA0EF1559D61D00A7B80F /* libC4.a in Frameworks */ = {isa = PBXBuildFile; fileRef = D01DA0EE1559D61D00A7B80F /* libC4.a */; };
		D01DA0F21559D61D00A7B80F /* C4Loop.aif in Resources */ = {isa = PBXBuildFile; fileRef = D01DA0F11559D61D00A7B80F /* C4Loop.aif */; };
		D01DA0F41559D61D00A7B80F /* C4Sky.png in Resources */ = {isa = PBXBuildFile; fileRef = D01DA0F31559D61D00A7B80F /* C4Sky.png */; };
		D01DA0F61559D61D00A7B80F /* C4Table.png in Resources */ = {isa = PBXBuildFile; fileRef = D01DA0F51559D61D00A7B80F /* C4Table.png */; };
		D01DA0F81559D61D00A7B80F /* inception.mov in Resources */ = {isa = PBXBuildFile; fileRef = D01DA0F71559D61D00A7B80F /* inception.mov */; };
/* End PBXBuildFile section */

/* Begin PBXFileReference section */
		D01DA0951559D61C00A7B80F /* RegularAndStarPolygons.app */ = {isa = PBXFileReference; explicitFileType = wrapper.application; includeInIndex = 0; path = RegularAndStarPolygons.app; sourceTree = BUILT_PRODUCTS_DIR; };
		D01DA0991559D61C00A7B80F /* AVFoundation.framework */ = {isa = PBXFileReference; lastKnownFileType = wrapper.framework; name = AVFoundation.framework; path = System/Library/Frameworks/AVFoundation.framework; sourceTree = SDKROOT; };
		D01DA09B1559D61C00A7B80F /* CoreFoundation.framework */ = {isa = PBXFileReference; lastKnownFileType = wrapper.framework; name = CoreFoundation.framework; path = System/Library/Frameworks/CoreFoundation.framework; sourceTree = SDKROOT; };
		D01DA09D1559D61C00A7B80F /* CoreGraphics.framework */ = {isa = PBXFileReference; lastKnownFileType = wrapper.framework; name = CoreGraphics.framework; path = System/Library/Frameworks/CoreGraphics.framework; sourceTree = SDKROOT; };
		D01DA09F1559D61C00A7B80F /* CoreImage.framework */ = {isa = PBXFileReference; lastKnownFileType = wrapper.framework; name = CoreImage.framework; path = System/Library/Frameworks/CoreImage.framework; sourceTree = SDKROOT; };
		D01DA0A11559D61C00A7B80F /* CoreMedia.framework */ = {isa = PBXFileReference; lastKnownFileType = wrapper.framework; name = CoreMedia.framework; path = System/Library/Frameworks/CoreMedia.framework; sourceTree = SDKROOT; };
		D01DA0A31559D61C00A7B80F /* CoreText.framework */ = {isa = PBXFileReference; lastKnownFileType = wrapper.framework; name = CoreText.framework; path = System/Library/Frameworks/CoreText.framework; sourceTree = SDKROOT; };
		D01DA0A51559D61C00A7B80F /* Foundation.framework */ = {isa = PBXFileReference; lastKnownFileType = wrapper.framework; name = Foundation.framework; path = System/Library/Frameworks/Foundation.framework; sourceTree = SDKROOT; };
		D01DA0A71559D61C00A7B80F /* OpenGLES.framework */ = {isa = PBXFileReference; lastKnownFileType = wrapper.framework; name = OpenGLES.framework; path = System/Library/Frameworks/OpenGLES.framework; sourceTree = SDKROOT; };
		D01DA0A91559D61C00A7B80F /* QuartzCore.framework */ = {isa = PBXFileReference; lastKnownFileType = wrapper.framework; name = QuartzCore.framework; path = System/Library/Frameworks/QuartzCore.framework; sourceTree = SDKROOT; };
		D01DA0AB1559D61C00A7B80F /* UIKit.framework */ = {isa = PBXFileReference; lastKnownFileType = wrapper.framework; name = UIKit.framework; path = System/Library/Frameworks/UIKit.framework; sourceTree = SDKROOT; };
		D01DA0AF1559D61C00A7B80F /* RegularAndStarPolygons-Info.plist */ = {isa = PBXFileReference; lastKnownFileType = text.plist.xml; path = "RegularAndStarPolygons-Info.plist"; sourceTree = "<group>"; };
		D01DA0B11559D61C00A7B80F /* en */ = {isa = PBXFileReference; lastKnownFileType = text.plist.strings; name = en; path = en.lproj/InfoPlist.strings; sourceTree = "<group>"; };
		D01DA0B31559D61C00A7B80F /* main.m */ = {isa = PBXFileReference; lastKnownFileType = sourcecode.c.objc; path = main.m; sourceTree = "<group>"; };
		D01DA0B51559D61C00A7B80F /* RegularAndStarPolygons-Prefix.pch */ = {isa = PBXFileReference; lastKnownFileType = sourcecode.c.h; path = "RegularAndStarPolygons-Prefix.pch"; sourceTree = "<group>"; };
		D01DA0B61559D61C00A7B80F /* C4WorkSpace.h */ = {isa = PBXFileReference; lastKnownFileType = sourcecode.c.h; path = C4WorkSpace.h; sourceTree = "<group>"; };
		D01DA0B71559D61C00A7B80F /* C4AppDelegate.h */ = {isa = PBXFileReference; lastKnownFileType = sourcecode.c.h; path = C4AppDelegate.h; sourceTree = "<group>"; };
		D01DA0B81559D61C00A7B80F /* C4AppDelegate.m */ = {isa = PBXFileReference; lastKnownFileType = sourcecode.c.objc; path = C4AppDelegate.m; sourceTree = "<group>"; };
		D01DA0BA1559D61C00A7B80F /* C4WorkSpace.m */ = {isa = PBXFileReference; lastKnownFileType = sourcecode.c.objc; path = C4WorkSpace.m; sourceTree = "<group>"; };
		D01DA0BC1559D61C00A7B80F /* C4Canvas.xib */ = {isa = PBXFileReference; lastKnownFileType = file.xib; name = C4Canvas.xib; path = XIB/C4Canvas.xib; sourceTree = "<group>"; };
		D01DA0BF1559D61C00A7B80F /* C4LogoiPad-01.png */ = {isa = PBXFileReference; lastKnownFileType = image.png; name = "C4LogoiPad-01.png"; path = "Logos/C4LogoiPad-01.png"; sourceTree = "<group>"; };
		D01DA0C11559D61C00A7B80F /* C4LogoiPad-02.png */ = {isa = PBXFileReference; lastKnownFileType = image.png; name = "C4LogoiPad-02.png"; path = "Logos/C4LogoiPad-02.png"; sourceTree = "<group>"; };
		D01DA0C31559D61C00A7B80F /* C4LogoiPad-03.png */ = {isa = PBXFileReference; lastKnownFileType = image.png; name = "C4LogoiPad-03.png"; path = "Logos/C4LogoiPad-03.png"; sourceTree = "<group>"; };
		D01DA0C51559D61C00A7B80F /* C4LogoiPad-04.png */ = {isa = PBXFileReference; lastKnownFileType = image.png; name = "C4LogoiPad-04.png"; path = "Logos/C4LogoiPad-04.png"; sourceTree = "<group>"; };
		D01DA0C71559D61C00A7B80F /* C4LogoiPad-05.png */ = {isa = PBXFileReference; lastKnownFileType = image.png; name = "C4LogoiPad-05.png"; path = "Logos/C4LogoiPad-05.png"; sourceTree = "<group>"; };
		D01DA0C91559D61C00A7B80F /* C4LogoiPad-06.png */ = {isa = PBXFileReference; lastKnownFileType = image.png; name = "C4LogoiPad-06.png"; path = "Logos/C4LogoiPad-06.png"; sourceTree = "<group>"; };
		D01DA0CB1559D61C00A7B80F /* C4LogoiPad-07.png */ = {isa = PBXFileReference; lastKnownFileType = image.png; name = "C4LogoiPad-07.png"; path = "Logos/C4LogoiPad-07.png"; sourceTree = "<group>"; };
		D01DA0CD1559D61C00A7B80F /* C4LogoiPad-08.png */ = {isa = PBXFileReference; lastKnownFileType = image.png; name = "C4LogoiPad-08.png"; path = "Logos/C4LogoiPad-08.png"; sourceTree = "<group>"; };
		D01DA0CF1559D61C00A7B80F /* C4LogoiPad-Landscape.png */ = {isa = PBXFileReference; lastKnownFileType = image.png; name = "C4LogoiPad-Landscape.png"; path = "Logos/C4LogoiPad-Landscape.png"; sourceTree = "<group>"; };
		D01DA0D11559D61C00A7B80F /* C4LogoiPad-Portrait.png */ = {isa = PBXFileReference; lastKnownFileType = image.png; name = "C4LogoiPad-Portrait.png"; path = "Logos/C4LogoiPad-Portrait.png"; sourceTree = "<group>"; };
		D01DA0D41559D61C00A7B80F /* C4CanvasController.h */ = {isa = PBXFileReference; lastKnownFileType = sourcecode.c.h; name = C4CanvasController.h; path = Headers/C4CanvasController.h; sourceTree = "<group>"; };
		D01DA0D51559D61C00A7B80F /* C4Control.h */ = {isa = PBXFileReference; lastKnownFileType = sourcecode.c.h; name = C4Control.h; path = Headers/C4Control.h; sourceTree = "<group>"; };
		D01DA0D61559D61C00A7B80F /* C4Defines.h */ = {isa = PBXFileReference; lastKnownFileType = sourcecode.c.h; name = C4Defines.h; path = Headers/C4Defines.h; sourceTree = "<group>"; };
		D01DA0D71559D61C00A7B80F /* C4EAGLES1Renderer.h */ = {isa = PBXFileReference; lastKnownFileType = sourcecode.c.h; name = C4EAGLES1Renderer.h; path = Headers/C4EAGLES1Renderer.h; sourceTree = "<group>"; };
		D01DA0D81559D61C00A7B80F /* C4EAGLESRenderer.h */ = {isa = PBXFileReference; lastKnownFileType = sourcecode.c.h; name = C4EAGLESRenderer.h; path = Headers/C4EAGLESRenderer.h; sourceTree = "<group>"; };
		D01DA0D91559D61C00A7B80F /* C4EAGLLayer.h */ = {isa = PBXFileReference; lastKnownFileType = sourcecode.c.h; name = C4EAGLLayer.h; path = Headers/C4EAGLLayer.h; sourceTree = "<group>"; };
		D01DA0DA1559D61C00A7B80F /* C4Font.h */ = {isa = PBXFileReference; lastKnownFileType = sourcecode.c.h; name = C4Font.h; path = Headers/C4Font.h; sourceTree = "<group>"; };
		D01DA0DB1559D61C00A7B80F /* C4Foundation.h */ = {isa = PBXFileReference; lastKnownFileType = sourcecode.c.h; name = C4Foundation.h; path = Headers/C4Foundation.h; sourceTree = "<group>"; };
		D01DA0DC1559D61C00A7B80F /* C4Gesture.h */ = {isa = PBXFileReference; lastKnownFileType = sourcecode.c.h; name = C4Gesture.h; path = Headers/C4Gesture.h; sourceTree = "<group>"; };
		D01DA0DD1559D61C00A7B80F /* C4GL.h */ = {isa = PBXFileReference; lastKnownFileType = sourcecode.c.h; name = C4GL.h; path = Headers/C4GL.h; sourceTree = "<group>"; };
		D01DA0DE1559D61C00A7B80F /* C4GL1Renderer.h */ = {isa = PBXFileReference; lastKnownFileType = sourcecode.c.h; name = C4GL1Renderer.h; path = Headers/C4GL1Renderer.h; sourceTree = "<group>"; };
		D01DA0DF1559D61D00A7B80F /* C4Image.h */ = {isa = PBXFileReference; lastKnownFileType = sourcecode.c.h; name = C4Image.h; path = Headers/C4Image.h; sourceTree = "<group>"; };
		D01DA0E01559D61D00A7B80F /* C4Label.h */ = {isa = PBXFileReference; lastKnownFileType = sourcecode.c.h; name = C4Label.h; path = Headers/C4Label.h; sourceTree = "<group>"; };
		D01DA0E11559D61D00A7B80F /* C4Layer.h */ = {isa = PBXFileReference; lastKnownFileType = sourcecode.c.h; name = C4Layer.h; path = Headers/C4Layer.h; sourceTree = "<group>"; };
		D01DA0E21559D61D00A7B80F /* C4LayerAnimation.h */ = {isa = PBXFileReference; lastKnownFileType = sourcecode.c.h; name = C4LayerAnimation.h; path = Headers/C4LayerAnimation.h; sourceTree = "<group>"; };
		D01DA0E31559D61D00A7B80F /* C4Math.h */ = {isa = PBXFileReference; lastKnownFileType = sourcecode.c.h; name = C4Math.h; path = Headers/C4Math.h; sourceTree = "<group>"; };
		D01DA0E41559D61D00A7B80F /* C4Movie.h */ = {isa = PBXFileReference; lastKnownFileType = sourcecode.c.h; name = C4Movie.h; path = Headers/C4Movie.h; sourceTree = "<group>"; };
		D01DA0E51559D61D00A7B80F /* C4Notification.h */ = {isa = PBXFileReference; lastKnownFileType = sourcecode.c.h; name = C4Notification.h; path = Headers/C4Notification.h; sourceTree = "<group>"; };
		D01DA0E61559D61D00A7B80F /* C4Object.h */ = {isa = PBXFileReference; lastKnownFileType = sourcecode.c.h; name = C4Object.h; path = Headers/C4Object.h; sourceTree = "<group>"; };
		D01DA0E71559D61D00A7B80F /* C4PlayerLayer.h */ = {isa = PBXFileReference; lastKnownFileType = sourcecode.c.h; name = C4PlayerLayer.h; path = Headers/C4PlayerLayer.h; sourceTree = "<group>"; };
		D01DA0E81559D61D00A7B80F /* C4Sample.h */ = {isa = PBXFileReference; lastKnownFileType = sourcecode.c.h; name = C4Sample.h; path = Headers/C4Sample.h; sourceTree = "<group>"; };
		D01DA0E91559D61D00A7B80F /* C4Shape.h */ = {isa = PBXFileReference; lastKnownFileType = sourcecode.c.h; name = C4Shape.h; path = Headers/C4Shape.h; sourceTree = "<group>"; };
		D01DA0EA1559D61D00A7B80F /* C4ShapeLayer.h */ = {isa = PBXFileReference; lastKnownFileType = sourcecode.c.h; name = C4ShapeLayer.h; path = Headers/C4ShapeLayer.h; sourceTree = "<group>"; };
		D01DA0EB1559D61D00A7B80F /* C4View.h */ = {isa = PBXFileReference; lastKnownFileType = sourcecode.c.h; name = C4View.h; path = Headers/C4View.h; sourceTree = "<group>"; };
		D01DA0EC1559D61D00A7B80F /* C4Window.h */ = {isa = PBXFileReference; lastKnownFileType = sourcecode.c.h; name = C4Window.h; path = Headers/C4Window.h; sourceTree = "<group>"; };
		D01DA0ED1559D61D00A7B80F /* UITouch+C4Touch.h */ = {isa = PBXFileReference; lastKnownFileType = sourcecode.c.h; name = "UITouch+C4Touch.h"; path = "Headers/UITouch+C4Touch.h"; sourceTree = "<group>"; };
		D01DA0EE1559D61D00A7B80F /* libC4.a */ = {isa = PBXFileReference; lastKnownFileType = archive.ar; name = libC4.a; path = Library/libC4.a; sourceTree = "<group>"; };
		D01DA0F11559D61D00A7B80F /* C4Loop.aif */ = {isa = PBXFileReference; lastKnownFileType = file; name = C4Loop.aif; path = Media/C4Loop.aif; sourceTree = "<group>"; };
		D01DA0F31559D61D00A7B80F /* C4Sky.png */ = {isa = PBXFileReference; lastKnownFileType = image.png; name = C4Sky.png; path = Media/C4Sky.png; sourceTree = "<group>"; };
		D01DA0F51559D61D00A7B80F /* C4Table.png */ = {isa = PBXFileReference; lastKnownFileType = image.png; name = C4Table.png; path = Media/C4Table.png; sourceTree = "<group>"; };
		D01DA0F71559D61D00A7B80F /* inception.mov */ = {isa = PBXFileReference; lastKnownFileType = video.quicktime; name = inception.mov; path = Media/inception.mov; sourceTree = "<group>"; };
/* End PBXFileReference section */

/* Begin PBXFrameworksBuildPhase section */
		D01DA0921559D61C00A7B80F /* Frameworks */ = {
			isa = PBXFrameworksBuildPhase;
			buildActionMask = 2147483647;
			files = (
				D01DA09A1559D61C00A7B80F /* AVFoundation.framework in Frameworks */,
				D01DA09C1559D61C00A7B80F /* CoreFoundation.framework in Frameworks */,
				D01DA09E1559D61C00A7B80F /* CoreGraphics.framework in Frameworks */,
				D01DA0A01559D61C00A7B80F /* CoreImage.framework in Frameworks */,
				D01DA0A21559D61C00A7B80F /* CoreMedia.framework in Frameworks */,
				D01DA0A41559D61C00A7B80F /* CoreText.framework in Frameworks */,
				D01DA0A61559D61C00A7B80F /* Foundation.framework in Frameworks */,
				D01DA0A81559D61C00A7B80F /* OpenGLES.framework in Frameworks */,
				D01DA0AA1559D61C00A7B80F /* QuartzCore.framework in Frameworks */,
				D01DA0AC1559D61C00A7B80F /* UIKit.framework in Frameworks */,
				D01DA0EF1559D61D00A7B80F /* libC4.a in Frameworks */,
			);
			runOnlyForDeploymentPostprocessing = 0;
		};
/* End PBXFrameworksBuildPhase section */

/* Begin PBXGroup section */
		D01DA08A1559D61C00A7B80F = {
			isa = PBXGroup;
			children = (
				D01DA0AD1559D61C00A7B80F /* RegularAndStarPolygons */,
				D01DA0981559D61C00A7B80F /* Frameworks */,
				D01DA0961559D61C00A7B80F /* Products */,
			);
			sourceTree = "<group>";
		};
		D01DA0961559D61C00A7B80F /* Products */ = {
			isa = PBXGroup;
			children = (
				D01DA0951559D61C00A7B80F /* RegularAndStarPolygons.app */,
			);
			name = Products;
			sourceTree = "<group>";
		};
		D01DA0981559D61C00A7B80F /* Frameworks */ = {
			isa = PBXGroup;
			children = (
				D01DA0991559D61C00A7B80F /* AVFoundation.framework */,
				D01DA09B1559D61C00A7B80F /* CoreFoundation.framework */,
				D01DA09D1559D61C00A7B80F /* CoreGraphics.framework */,
				D01DA09F1559D61C00A7B80F /* CoreImage.framework */,
				D01DA0A11559D61C00A7B80F /* CoreMedia.framework */,
				D01DA0A31559D61C00A7B80F /* CoreText.framework */,
				D01DA0A51559D61C00A7B80F /* Foundation.framework */,
				D01DA0A71559D61C00A7B80F /* OpenGLES.framework */,
				D01DA0A91559D61C00A7B80F /* QuartzCore.framework */,
				D01DA0AB1559D61C00A7B80F /* UIKit.framework */,
			);
			name = Frameworks;
			sourceTree = "<group>";
		};
		D01DA0AD1559D61C00A7B80F /* RegularAndStarPolygons */ = {
			isa = PBXGroup;
			children = (
				D01DA0BA1559D61C00A7B80F /* C4WorkSpace.m */,
				D01DA0BE1559D61C00A7B80F /* Logos */,
				D01DA0D31559D61C00A7B80F /* Framework */,
				D01DA0F01559D61D00A7B80F /* Media */,
				D01DA0AE1559D61C00A7B80F /* Supporting Files */,
			);
			path = RegularAndStarPolygons;
			sourceTree = "<group>";
		};
		D01DA0AE1559D61C00A7B80F /* Supporting Files */ = {
			isa = PBXGroup;
			children = (
				D01DA0AF1559D61C00A7B80F /* RegularAndStarPolygons-Info.plist */,
				D01DA0B01559D61C00A7B80F /* InfoPlist.strings */,
				D01DA0B31559D61C00A7B80F /* main.m */,
				D01DA0B51559D61C00A7B80F /* RegularAndStarPolygons-Prefix.pch */,
				D01DA0B61559D61C00A7B80F /* C4WorkSpace.h */,
				D01DA0B71559D61C00A7B80F /* C4AppDelegate.h */,
				D01DA0B81559D61C00A7B80F /* C4AppDelegate.m */,
				D01DA0BC1559D61C00A7B80F /* C4Canvas.xib */,
			);
			name = "Supporting Files";
			sourceTree = "<group>";
		};
		D01DA0BE1559D61C00A7B80F /* Logos */ = {
			isa = PBXGroup;
			children = (
				D01DA0BF1559D61C00A7B80F /* C4LogoiPad-01.png */,
				D01DA0C11559D61C00A7B80F /* C4LogoiPad-02.png */,
				D01DA0C31559D61C00A7B80F /* C4LogoiPad-03.png */,
				D01DA0C51559D61C00A7B80F /* C4LogoiPad-04.png */,
				D01DA0C71559D61C00A7B80F /* C4LogoiPad-05.png */,
				D01DA0C91559D61C00A7B80F /* C4LogoiPad-06.png */,
				D01DA0CB1559D61C00A7B80F /* C4LogoiPad-07.png */,
				D01DA0CD1559D61C00A7B80F /* C4LogoiPad-08.png */,
				D01DA0CF1559D61C00A7B80F /* C4LogoiPad-Landscape.png */,
				D01DA0D11559D61C00A7B80F /* C4LogoiPad-Portrait.png */,
			);
			name = Logos;
			sourceTree = "<group>";
		};
		D01DA0D31559D61C00A7B80F /* Framework */ = {
			isa = PBXGroup;
			children = (
				D01DA0D41559D61C00A7B80F /* C4CanvasController.h */,
				D01DA0D51559D61C00A7B80F /* C4Control.h */,
				D01DA0D61559D61C00A7B80F /* C4Defines.h */,
				D01DA0D71559D61C00A7B80F /* C4EAGLES1Renderer.h */,
				D01DA0D81559D61C00A7B80F /* C4EAGLESRenderer.h */,
				D01DA0D91559D61C00A7B80F /* C4EAGLLayer.h */,
				D01DA0DA1559D61C00A7B80F /* C4Font.h */,
				D01DA0DB1559D61C00A7B80F /* C4Foundation.h */,
				D01DA0DC1559D61C00A7B80F /* C4Gesture.h */,
				D01DA0DD1559D61C00A7B80F /* C4GL.h */,
				D01DA0DE1559D61C00A7B80F /* C4GL1Renderer.h */,
				D01DA0DF1559D61D00A7B80F /* C4Image.h */,
				D01DA0E01559D61D00A7B80F /* C4Label.h */,
				D01DA0E11559D61D00A7B80F /* C4Layer.h */,
				D01DA0E21559D61D00A7B80F /* C4LayerAnimation.h */,
				D01DA0E31559D61D00A7B80F /* C4Math.h */,
				D01DA0E41559D61D00A7B80F /* C4Movie.h */,
				D01DA0E51559D61D00A7B80F /* C4Notification.h */,
				D01DA0E61559D61D00A7B80F /* C4Object.h */,
				D01DA0E71559D61D00A7B80F /* C4PlayerLayer.h */,
				D01DA0E81559D61D00A7B80F /* C4Sample.h */,
				D01DA0E91559D61D00A7B80F /* C4Shape.h */,
				D01DA0EA1559D61D00A7B80F /* C4ShapeLayer.h */,
				D01DA0EB1559D61D00A7B80F /* C4View.h */,
				D01DA0EC1559D61D00A7B80F /* C4Window.h */,
				D01DA0ED1559D61D00A7B80F /* UITouch+C4Touch.h */,
				D01DA0EE1559D61D00A7B80F /* libC4.a */,
			);
			name = Framework;
			sourceTree = "<group>";
		};
		D01DA0F01559D61D00A7B80F /* Media */ = {
			isa = PBXGroup;
			children = (
				D01DA0F11559D61D00A7B80F /* C4Loop.aif */,
				D01DA0F31559D61D00A7B80F /* C4Sky.png */,
				D01DA0F51559D61D00A7B80F /* C4Table.png */,
				D01DA0F71559D61D00A7B80F /* inception.mov */,
			);
			name = Media;
			sourceTree = "<group>";
		};
/* End PBXGroup section */

/* Begin PBXNativeTarget section */
		D01DA0941559D61C00A7B80F /* RegularAndStarPolygons */ = {
			isa = PBXNativeTarget;
			buildConfigurationList = D01DA0FB1559D61D00A7B80F /* Build configuration list for PBXNativeTarget "RegularAndStarPolygons" */;
			buildPhases = (
				D01DA0911559D61C00A7B80F /* Sources */,
				D01DA0921559D61C00A7B80F /* Frameworks */,
				D01DA0931559D61C00A7B80F /* Resources */,
			);
			buildRules = (
			);
			dependencies = (
			);
			name = RegularAndStarPolygons;
			productName = RegularAndStarPolygons;
			productReference = D01DA0951559D61C00A7B80F /* RegularAndStarPolygons.app */;
			productType = "com.apple.product-type.application";
		};
/* End PBXNativeTarget section */

/* Begin PBXProject section */
		D01DA08C1559D61C00A7B80F /* Project object */ = {
			isa = PBXProject;
			attributes = {
				LastUpgradeCheck = 0420;
				ORGANIZATIONNAME = ACAD;
			};
			buildConfigurationList = D01DA08F1559D61C00A7B80F /* Build configuration list for PBXProject "RegularAndStarPolygons" */;
			compatibilityVersion = "Xcode 3.2";
			developmentRegion = English;
			hasScannedForEncodings = 0;
			knownRegions = (
				en,
			);
			mainGroup = D01DA08A1559D61C00A7B80F;
			productRefGroup = D01DA0961559D61C00A7B80F /* Products */;
			projectDirPath = "";
			projectRoot = "";
			targets = (
				D01DA0941559D61C00A7B80F /* RegularAndStarPolygons */,
			);
		};
/* End PBXProject section */

/* Begin PBXResourcesBuildPhase section */
		D01DA0931559D61C00A7B80F /* Resources */ = {
			isa = PBXResourcesBuildPhase;
			buildActionMask = 2147483647;
			files = (
				D01DA0B21559D61C00A7B80F /* InfoPlist.strings in Resources */,
				D01DA0BD1559D61C00A7B80F /* C4Canvas.xib in Resources */,
				D01DA0C01559D61C00A7B80F /* C4LogoiPad-01.png in Resources */,
				D01DA0C21559D61C00A7B80F /* C4LogoiPad-02.png in Resources */,
				D01DA0C41559D61C00A7B80F /* C4LogoiPad-03.png in Resources */,
				D01DA0C61559D61C00A7B80F /* C4LogoiPad-04.png in Resources */,
				D01DA0C81559D61C00A7B80F /* C4LogoiPad-05.png in Resources */,
				D01DA0CA1559D61C00A7B80F /* C4LogoiPad-06.png in Resources */,
				D01DA0CC1559D61C00A7B80F /* C4LogoiPad-07.png in Resources */,
				D01DA0CE1559D61C00A7B80F /* C4LogoiPad-08.png in Resources */,
				D01DA0D01559D61C00A7B80F /* C4LogoiPad-Landscape.png in Resources */,
				D01DA0D21559D61C00A7B80F /* C4LogoiPad-Portrait.png in Resources */,
				D01DA0F21559D61D00A7B80F /* C4Loop.aif in Resources */,
				D01DA0F41559D61D00A7B80F /* C4Sky.png in Resources */,
				D01DA0F61559D61D00A7B80F /* C4Table.png in Resources */,
				D01DA0F81559D61D00A7B80F /* inception.mov in Resources */,
			);
			runOnlyForDeploymentPostprocessing = 0;
		};
/* End PBXResourcesBuildPhase section */

/* Begin PBXSourcesBuildPhase section */
		D01DA0911559D61C00A7B80F /* Sources */ = {
			isa = PBXSourcesBuildPhase;
			buildActionMask = 2147483647;
			files = (
				D01DA0B41559D61C00A7B80F /* main.m in Sources */,
				D01DA0B91559D61C00A7B80F /* C4AppDelegate.m in Sources */,
				D01DA0BB1559D61C00A7B80F /* C4WorkSpace.m in Sources */,
			);
			runOnlyForDeploymentPostprocessing = 0;
		};
/* End PBXSourcesBuildPhase section */

/* Begin PBXVariantGroup section */
		D01DA0B01559D61C00A7B80F /* InfoPlist.strings */ = {
			isa = PBXVariantGroup;
			children = (
				D01DA0B11559D61C00A7B80F /* en */,
			);
			name = InfoPlist.strings;
			sourceTree = "<group>";
		};
/* End PBXVariantGroup section */

/* Begin XCBuildConfiguration section */
		D01DA0F91559D61D00A7B80F /* Debug */ = {
			isa = XCBuildConfiguration;
			buildSettings = {
				ALWAYS_SEARCH_USER_PATHS = NO;
				ARCHS = "$(ARCHS_STANDARD_32_BIT)";
				CLANG_ENABLE_OBJC_ARC = YES;
				"CODE_SIGN_IDENTITY[sdk=iphoneos*]" = "iPhone Developer";
				COPY_PHASE_STRIP = NO;
				GCC_C_LANGUAGE_STANDARD = gnu99;
				GCC_DYNAMIC_NO_PIC = NO;
				GCC_OPTIMIZATION_LEVEL = 0;
				GCC_PREPROCESSOR_DEFINITIONS = (
					"DEBUG=1",
					"$(inherited)",
				);
				GCC_SYMBOLS_PRIVATE_EXTERN = NO;
				GCC_VERSION = com.apple.compilers.llvm.clang.1_0;
				GCC_WARN_ABOUT_MISSING_PROTOTYPES = YES;
				GCC_WARN_ABOUT_RETURN_TYPE = YES;
				GCC_WARN_UNUSED_VARIABLE = YES;
				IPHONEOS_DEPLOYMENT_TARGET = 5.0;
				SDKROOT = iphoneos;
				TARGETED_DEVICE_FAMILY = 2;
			};
			name = Debug;
		};
		D01DA0FA1559D61D00A7B80F /* Release */ = {
			isa = XCBuildConfiguration;
			buildSettings = {
				ALWAYS_SEARCH_USER_PATHS = NO;
				ARCHS = "$(ARCHS_STANDARD_32_BIT)";
				CLANG_ENABLE_OBJC_ARC = YES;
				"CODE_SIGN_IDENTITY[sdk=iphoneos*]" = "iPhone Developer";
				COPY_PHASE_STRIP = YES;
				GCC_C_LANGUAGE_STANDARD = gnu99;
				GCC_VERSION = com.apple.compilers.llvm.clang.1_0;
				GCC_WARN_ABOUT_MISSING_PROTOTYPES = YES;
				GCC_WARN_ABOUT_RETURN_TYPE = YES;
				GCC_WARN_UNUSED_VARIABLE = YES;
				IPHONEOS_DEPLOYMENT_TARGET = 5.0;
				OTHER_CFLAGS = "-DNS_BLOCK_ASSERTIONS=1";
				SDKROOT = iphoneos;
				TARGETED_DEVICE_FAMILY = 2;
				VALIDATE_PRODUCT = YES;
			};
			name = Release;
		};
		D01DA0FC1559D61D00A7B80F /* Debug */ = {
			isa = XCBuildConfiguration;
			buildSettings = {
				GCC_PRECOMPILE_PREFIX_HEADER = YES;
				GCC_PREFIX_HEADER = "RegularAndStarPolygons/RegularAndStarPolygons-Prefix.pch";
				INFOPLIST_FILE = "RegularAndStarPolygons/RegularAndStarPolygons-Info.plist";
				LIBRARY_SEARCH_PATHS = (
					"$(inherited)",
					"\"$(SRCROOT)/RegularAndStarPolygons/Library\"",
				);
				PRODUCT_NAME = "$(TARGET_NAME)";
				WRAPPER_EXTENSION = app;
			};
			name = Debug;
		};
		D01DA0FD1559D61D00A7B80F /* Release */ = {
			isa = XCBuildConfiguration;
			buildSettings = {
				GCC_PRECOMPILE_PREFIX_HEADER = YES;
				GCC_PREFIX_HEADER = "RegularAndStarPolygons/RegularAndStarPolygons-Prefix.pch";
				INFOPLIST_FILE = "RegularAndStarPolygons/RegularAndStarPolygons-Info.plist";
				LIBRARY_SEARCH_PATHS = (
					"$(inherited)",
					"\"$(SRCROOT)/RegularAndStarPolygons/Library\"",
				);
				PRODUCT_NAME = "$(TARGET_NAME)";
				WRAPPER_EXTENSION = app;
			};
			name = Release;
		};
/* End XCBuildConfiguration section */

/* Begin XCConfigurationList section */
		D01DA08F1559D61C00A7B80F /* Build configuration list for PBXProject "RegularAndStarPolygons" */ = {
			isa = XCConfigurationList;
			buildConfigurations = (
				D01DA0F91559D61D00A7B80F /* Debug */,
				D01DA0FA1559D61D00A7B80F /* Release */,
			);
			defaultConfigurationIsVisible = 0;
			defaultConfigurationName = Release;
		};
		D01DA0FB1559D61D00A7B80F /* Build configuration list for PBXNativeTarget "RegularAndStarPolygons" */ = {
			isa = XCConfigurationList;
			buildConfigurations = (
				D01DA0FC1559D61D00A7B80F /* Debug */,
				D01DA0FD1559D61D00A7B80F /* Release */,
			);
			defaultConfigurationIsVisible = 0;
		};
/* End XCConfigurationList section */
	};
	rootObject = D01DA08C1559D61C00A7B80F /* Project object */;
}
